
Microsoft Visual Studio Solution File, Format Version 12.00
# Visual Studio Version 16
VisualStudioVersion = 16.0.29911.84
MinimumVisualStudioVersion = 10.0.40219.1
Project("{FAE04EC0-301F-11D3-BF4B-00C04F79EFBC}") = "FYPManagment", "FYPManagment.csproj", "{99D9C08F-06DF-45E3-BA0C-5E5502E5708B}"
EndProject
Global
	GlobalSection(SolutionConfigurationPlatforms) = preSolution
		Debug|Any CPU = Debug|Any CPU
		Release|Any CPU = Release|Any CPU
	EndGlobalSection
	GlobalSection(ProjectConfigurationPlatforms) = postSolution
		{99D9C08F-06DF-45E3-BA0C-5E5502E5708B}.Debug|Any CPU.ActiveCfg = Debug|Any CPU
		{99D9C08F-06DF-45E3-BA0C-5E5502E5708B}.Debug|Any CPU.Build.0 = Debug|Any CPU
		{99D9C08F-06DF-45E3-BA0C-5E5502E5708B}.Release|Any CPU.ActiveCfg = Release|Any CPU
		{99D9C08F-06DF-45E3-BA0C-5E5502E5708B}.Release|Any CPU.Build.0 = Release|Any CPU
	EndGlobalSection
	GlobalSection(SolutionProperties) = preSolution
		HideSolutionNode = FALSE
	EndGlobalSection
	GlobalSection(ExtensibilityGlobals) = postSolution
		SolutionGuid = {C57040D7-3726-4DE8-9326-33DF5E3B4473}
	EndGlobalSection
EndGlobal
